
Microsoft Visual Studio Solution File, Format Version 12.00
# Visual Studio Version 17
VisualStudioVersion = 17.9.34902.65
MinimumVisualStudioVersion = 10.0.40219.1
Project("{FAE04EC0-301F-11D3-BF4B-00C04F79EFBC}") = "Demon Slayer WIKI", "Demon Slayer WIKI\Demon Slayer WIKI.csproj", "{CF15EC86-237E-48F0-BA6E-825624EFEBD4}"
EndProject
Global
	GlobalSection(SolutionConfigurationPlatforms) = preSolution
		Debug|Any CPU = Debug|Any CPU
		Release|Any CPU = Release|Any CPU
	EndGlobalSection
	GlobalSection(ProjectConfigurationPlatforms) = postSolution
		{CF15EC86-237E-48F0-BA6E-825624EFEBD4}.Debug|Any CPU.ActiveCfg = Debug|Any CPU
		{CF15EC86-237E-48F0-BA6E-825624EFEBD4}.Debug|Any CPU.Build.0 = Debug|Any CPU
		{CF15EC86-237E-48F0-BA6E-825624EFEBD4}.Release|Any CPU.ActiveCfg = Release|Any CPU
		{CF15EC86-237E-48F0-BA6E-825624EFEBD4}.Release|Any CPU.Build.0 = Release|Any CPU
	EndGlobalSection
	GlobalSection(SolutionProperties) = preSolution
		HideSolutionNode = FALSE
	EndGlobalSection
	GlobalSection(ExtensibilityGlobals) = postSolution
		SolutionGuid = {7688FC90-93A5-4A36-972D-9FB03B808EE4}
	EndGlobalSection
EndGlobal
